// !$*UTF8*$!
{
	archiveVersion = 1;
	classes = {
	};
	objectVersion = 48;
	objects = {

/* Begin PBXBuildFile section */
		A6BF88D61F88802000F059C1 /* AppDelegate.swift in Sources */ = {isa = PBXBuildFile; fileRef = A6BF88D51F88802000F059C1 /* AppDelegate.swift */; };
		A6BF88D81F88802000F059C1 /* ViewController.swift in Sources */ = {isa = PBXBuildFile; fileRef = A6BF88D71F88802000F059C1 /* ViewController.swift */; };
		A6BF88DB1F88802000F059C1 /* Main.storyboard in Resources */ = {isa = PBXBuildFile; fileRef = A6BF88D91F88802000F059C1 /* Main.storyboard */; };
		A6BF88DE1F88802000F059C1 /* Listen_Moe.xcdatamodeld in Sources */ = {isa = PBXBuildFile; fileRef = A6BF88DC1F88802000F059C1 /* Listen_Moe.xcdatamodeld */; };
		A6BF88E01F88802000F059C1 /* Assets.xcassets in Resources */ = {isa = PBXBuildFile; fileRef = A6BF88DF1F88802000F059C1 /* Assets.xcassets */; };
		A6BF88E31F88802000F059C1 /* LaunchScreen.storyboard in Resources */ = {isa = PBXBuildFile; fileRef = A6BF88E11F88802000F059C1 /* LaunchScreen.storyboard */; };
		FAC787619E4C620AE7A94342 /* Pods_Listen_Moe.framework in Frameworks */ = {isa = PBXBuildFile; fileRef = CB6983EF5B15568C74706CDE /* Pods_Listen_Moe.framework */; };
/* End PBXBuildFile section */

/* Begin PBXFileReference section */
		6C346C6BD45D492106E4B314 /* Pods-Listen.Moe.debug.xcconfig */ = {isa = PBXFileReference; includeInIndex = 1; lastKnownFileType = text.xcconfig; name = "Pods-Listen.Moe.debug.xcconfig"; path = "Pods/Target Support Files/Pods-Listen.Moe/Pods-Listen.Moe.debug.xcconfig"; sourceTree = "<group>"; };
		6E3EAA2DAF0DB44172DABFBA /* Pods-Listen.Moe.release.xcconfig */ = {isa = PBXFileReference; includeInIndex = 1; lastKnownFileType = text.xcconfig; name = "Pods-Listen.Moe.release.xcconfig"; path = "Pods/Target Support Files/Pods-Listen.Moe/Pods-Listen.Moe.release.xcconfig"; sourceTree = "<group>"; };
		A6BF88D21F88801F00F059C1 /* Listen.Moe.app */ = {isa = PBXFileReference; explicitFileType = wrapper.application; includeInIndex = 0; path = Listen.Moe.app; sourceTree = BUILT_PRODUCTS_DIR; };
		A6BF88D51F88802000F059C1 /* AppDelegate.swift */ = {isa = PBXFileReference; lastKnownFileType = sourcecode.swift; path = AppDelegate.swift; sourceTree = "<group>"; };
		A6BF88D71F88802000F059C1 /* ViewController.swift */ = {isa = PBXFileReference; lastKnownFileType = sourcecode.swift; path = ViewController.swift; sourceTree = "<group>"; };
		A6BF88DA1F88802000F059C1 /* Base */ = {isa = PBXFileReference; lastKnownFileType = file.storyboard; name = Base; path = Base.lproj/Main.storyboard; sourceTree = "<group>"; };
		A6BF88DD1F88802000F059C1 /* Listen_Moe.xcdatamodel */ = {isa = PBXFileReference; lastKnownFileType = wrapper.xcdatamodel; path = Listen_Moe.xcdatamodel; sourceTree = "<group>"; };
		A6BF88DF1F88802000F059C1 /* Assets.xcassets */ = {isa = PBXFileReference; lastKnownFileType = folder.assetcatalog; path = Assets.xcassets; sourceTree = "<group>"; };
		A6BF88E21F88802000F059C1 /* Base */ = {isa = PBXFileReference; lastKnownFileType = file.storyboard; name = Base; path = Base.lproj/LaunchScreen.storyboard; sourceTree = "<group>"; };
		A6BF88E41F88802000F059C1 /* Info.plist */ = {isa = PBXFileReference; lastKnownFileType = text.plist.xml; path = Info.plist; sourceTree = "<group>"; };
		CB6983EF5B15568C74706CDE /* Pods_Listen_Moe.framework */ = {isa = PBXFileReference; explicitFileType = wrapper.framework; includeInIndex = 0; path = Pods_Listen_Moe.framework; sourceTree = BUILT_PRODUCTS_DIR; };
/* End PBXFileReference section */

/* Begin PBXFrameworksBuildPhase section */
		A6BF88CF1F88801F00F059C1 /* Frameworks */ = {
			isa = PBXFrameworksBuildPhase;
			buildActionMask = 2147483647;
			files = (
				FAC787619E4C620AE7A94342 /* Pods_Listen_Moe.framework in Frameworks */,
			);
			runOnlyForDeploymentPostprocessing = 0;
		};
/* End PBXFrameworksBuildPhase section */

/* Begin PBXGroup section */
		4AACA55E3D189369AE90D086 /* Frameworks */ = {
			isa = PBXGroup;
			children = (
				CB6983EF5B15568C74706CDE /* Pods_Listen_Moe.framework */,
			);
			name = Frameworks;
			sourceTree = "<group>";
		};
		A6BF88C91F88801F00F059C1 = {
			isa = PBXGroup;
			children = (
				A6BF88D41F88802000F059C1 /* Listen.Moe */,
				A6BF88D31F88802000F059C1 /* Products */,
				DA7BC798D2C73777659680D0 /* Pods */,
				4AACA55E3D189369AE90D086 /* Frameworks */,
			);
			sourceTree = "<group>";
		};
		A6BF88D31F88802000F059C1 /* Products */ = {
			isa = PBXGroup;
			children = (
				A6BF88D21F88801F00F059C1 /* Listen.Moe.app */,
			);
			name = Products;
			sourceTree = "<group>";
		};
		A6BF88D41F88802000F059C1 /* Listen.Moe */ = {
			isa = PBXGroup;
			children = (
				A6BF88D51F88802000F059C1 /* AppDelegate.swift */,
				A6BF88D71F88802000F059C1 /* ViewController.swift */,
				A6BF88D91F88802000F059C1 /* Main.storyboard */,
				A6BF88DF1F88802000F059C1 /* Assets.xcassets */,
				A6BF88E11F88802000F059C1 /* LaunchScreen.storyboard */,
				A6BF88E41F88802000F059C1 /* Info.plist */,
				A6BF88DC1F88802000F059C1 /* Listen_Moe.xcdatamodeld */,
			);
			path = Listen.Moe;
			sourceTree = "<group>";
		};
		DA7BC798D2C73777659680D0 /* Pods */ = {
			isa = PBXGroup;
			children = (
				6C346C6BD45D492106E4B314 /* Pods-Listen.Moe.debug.xcconfig */,
				6E3EAA2DAF0DB44172DABFBA /* Pods-Listen.Moe.release.xcconfig */,
			);
			name = Pods;
			sourceTree = "<group>";
		};
/* End PBXGroup section */

/* Begin PBXNativeTarget section */
		A6BF88D11F88801F00F059C1 /* Listen.Moe */ = {
			isa = PBXNativeTarget;
			buildConfigurationList = A6BF88E71F88802000F059C1 /* Build configuration list for PBXNativeTarget "Listen.Moe" */;
			buildPhases = (
				2DAF6E1ABF30AA5B153257F3 /* [CP] Check Pods Manifest.lock */,
				A6BF88CE1F88801F00F059C1 /* Sources */,
				A6BF88CF1F88801F00F059C1 /* Frameworks */,
				A6BF88D01F88801F00F059C1 /* Resources */,
				7F754FC14130F2548435FF66 /* [CP] Embed Pods Frameworks */,
				2B4675642BEFF4BF1E289910 /* [CP] Copy Pods Resources */,
			);
			buildRules = (
			);
			dependencies = (
			);
			name = Listen.Moe;
			productName = Listen.Moe;
			productReference = A6BF88D21F88801F00F059C1 /* Listen.Moe.app */;
			productType = "com.apple.product-type.application";
		};
/* End PBXNativeTarget section */

/* Begin PBXProject section */
		A6BF88CA1F88801F00F059C1 /* Project object */ = {
			isa = PBXProject;
			attributes = {
				LastSwiftUpdateCheck = 0900;
				LastUpgradeCheck = 0900;
				ORGANIZATIONNAME = Disre;
				TargetAttributes = {
					A6BF88D11F88801F00F059C1 = {
						CreatedOnToolsVersion = 9.0;
						ProvisioningStyle = Automatic;
						SystemCapabilities = {
							com.apple.BackgroundModes = {
								enabled = 1;
							};
						};
					};
				};
			};
			buildConfigurationList = A6BF88CD1F88801F00F059C1 /* Build configuration list for PBXProject "Listen.Moe" */;
			compatibilityVersion = "Xcode 8.0";
			developmentRegion = en;
			hasScannedForEncodings = 0;
			knownRegions = (
				en,
				Base,
			);
			mainGroup = A6BF88C91F88801F00F059C1;
			productRefGroup = A6BF88D31F88802000F059C1 /* Products */;
			projectDirPath = "";
			projectRoot = "";
			targets = (
				A6BF88D11F88801F00F059C1 /* Listen.Moe */,
			);
		};
/* End PBXProject section */

/* Begin PBXResourcesBuildPhase section */
		A6BF88D01F88801F00F059C1 /* Resources */ = {
			isa = PBXResourcesBuildPhase;
			buildActionMask = 2147483647;
			files = (
				A6BF88E31F88802000F059C1 /* LaunchScreen.storyboard in Resources */,
				A6BF88E01F88802000F059C1 /* Assets.xcassets in Resources */,
				A6BF88DB1F88802000F059C1 /* Main.storyboard in Resources */,
			);
			runOnlyForDeploymentPostprocessing = 0;
		};
/* End PBXResourcesBuildPhase section */

/* Begin PBXShellScriptBuildPhase section */
		2B4675642BEFF4BF1E289910 /* [CP] Copy Pods Resources */ = {
			isa = PBXShellScriptBuildPhase;
			buildActionMask = 2147483647;
			files = (
			);
			inputPaths = (
			);
			name = "[CP] Copy Pods Resources";
			outputPaths = (
			);
			runOnlyForDeploymentPostprocessing = 0;
			shellPath = /bin/sh;
			shellScript = "\"${SRCROOT}/Pods/Target Support Files/Pods-Listen.Moe/Pods-Listen.Moe-resources.sh\"\n";
			showEnvVarsInLog = 0;
		};
		2DAF6E1ABF30AA5B153257F3 /* [CP] Check Pods Manifest.lock */ = {
			isa = PBXShellScriptBuildPhase;
			buildActionMask = 2147483647;
			files = (
			);
			inputPaths = (
				"${PODS_PODFILE_DIR_PATH}/Podfile.lock",
				"${PODS_ROOT}/Manifest.lock",
			);
			name = "[CP] Check Pods Manifest.lock";
			outputPaths = (
				"$(DERIVED_FILE_DIR)/Pods-Listen.Moe-checkManifestLockResult.txt",
			);
			runOnlyForDeploymentPostprocessing = 0;
			shellPath = /bin/sh;
			shellScript = "diff \"${PODS_PODFILE_DIR_PATH}/Podfile.lock\" \"${PODS_ROOT}/Manifest.lock\" > /dev/null\nif [ $? != 0 ] ; then\n    # print error to STDERR\n    echo \"error: The sandbox is not in sync with the Podfile.lock. Run 'pod install' or update your CocoaPods installation.\" >&2\n    exit 1\nfi\n# This output is used by Xcode 'outputs' to avoid re-running this script phase.\necho \"SUCCESS\" > \"${SCRIPT_OUTPUT_FILE_0}\"\n";
			showEnvVarsInLog = 0;
		};
		7F754FC14130F2548435FF66 /* [CP] Embed Pods Frameworks */ = {
			isa = PBXShellScriptBuildPhase;
			buildActionMask = 2147483647;
			files = (
			);
			inputPaths = (
				"${SRCROOT}/Pods/Target Support Files/Pods-Listen.Moe/Pods-Listen.Moe-frameworks.sh",
				"${BUILT_PRODUCTS_DIR}/Starscream/Starscream.framework",
			);
			name = "[CP] Embed Pods Frameworks";
			outputPaths = (
				"${TARGET_BUILD_DIR}/${FRAMEWORKS_FOLDER_PATH}/Starscream.framework",
			);
			runOnlyForDeploymentPostprocessing = 0;
			shellPath = /bin/sh;
			shellScript = "\"${SRCROOT}/Pods/Target Support Files/Pods-Listen.Moe/Pods-Listen.Moe-frameworks.sh\"\n";
			showEnvVarsInLog = 0;
		};
/* End PBXShellScriptBuildPhase section */

/* Begin PBXSourcesBuildPhase section */
		A6BF88CE1F88801F00F059C1 /* Sources */ = {
			isa = PBXSourcesBuildPhase;
			buildActionMask = 2147483647;
			files = (
				A6BF88DE1F88802000F059C1 /* Listen_Moe.xcdatamodeld in Sources */,
				A6BF88D81F88802000F059C1 /* ViewController.swift in Sources */,
				A6BF88D61F88802000F059C1 /* AppDelegate.swift in Sources */,
			);
			runOnlyForDeploymentPostprocessing = 0;
		};
/* End PBXSourcesBuildPhase section */

/* Begin PBXVariantGroup section */
		A6BF88D91F88802000F059C1 /* Main.storyboard */ = {
			isa = PBXVariantGroup;
			children = (
				A6BF88DA1F88802000F059C1 /* Base */,
			);
			name = Main.storyboard;
			sourceTree = "<group>";
		};
		A6BF88E11F88802000F059C1 /* LaunchScreen.storyboard */ = {
			isa = PBXVariantGroup;
			children = (
				A6BF88E21F88802000F059C1 /* Base */,
			);
			name = LaunchScreen.storyboard;
			sourceTree = "<group>";
		};
/* End PBXVariantGroup section */

/* Begin XCBuildConfiguration section */
		A6BF88E51F88802000F059C1 /* Debug */ = {
			isa = XCBuildConfiguration;
			buildSettings = {
				ALWAYS_SEARCH_USER_PATHS = NO;
				CLANG_ANALYZER_NONNULL = YES;
				CLANG_ANALYZER_NUMBER_OBJECT_CONVERSION = YES_AGGRESSIVE;
				CLANG_CXX_LANGUAGE_STANDARD = "gnu++14";
				CLANG_CXX_LIBRARY = "libc++";
				CLANG_ENABLE_MODULES = YES;
				CLANG_ENABLE_OBJC_ARC = YES;
				CLANG_WARN_BLOCK_CAPTURE_AUTORELEASING = YES;
				CLANG_WARN_BOOL_CONVERSION = YES;
				CLANG_WARN_COMMA = YES;
				CLANG_WARN_CONSTANT_CONVERSION = YES;
				CLANG_WARN_DIRECT_OBJC_ISA_USAGE = YES_ERROR;
				CLANG_WARN_DOCUMENTATION_COMMENTS = YES;
				CLANG_WARN_EMPTY_BODY = YES;
				CLANG_WARN_ENUM_CONVERSION = YES;
				CLANG_WARN_INFINITE_RECURSION = YES;
				CLANG_WARN_INT_CONVERSION = YES;
				CLANG_WARN_NON_LITERAL_NULL_CONVERSION = YES;
				CLANG_WARN_OBJC_LITERAL_CONVERSION = YES;
				CLANG_WARN_OBJC_ROOT_CLASS = YES_ERROR;
				CLANG_WARN_RANGE_LOOP_ANALYSIS = YES;
				CLANG_WARN_STRICT_PROTOTYPES = YES;
				CLANG_WARN_SUSPICIOUS_MOVE = YES;
				CLANG_WARN_UNGUARDED_AVAILABILITY = YES_AGGRESSIVE;
				CLANG_WARN_UNREACHABLE_CODE = YES;
				CLANG_WARN__DUPLICATE_METHOD_MATCH = YES;
				CODE_SIGN_IDENTITY = "iPhone Developer";
				COPY_PHASE_STRIP = NO;
				DEBUG_INFORMATION_FORMAT = dwarf;
				ENABLE_STRICT_OBJC_MSGSEND = YES;
				ENABLE_TESTABILITY = YES;
				GCC_C_LANGUAGE_STANDARD = gnu11;
				GCC_DYNAMIC_NO_PIC = NO;
				GCC_NO_COMMON_BLOCKS = YES;
				GCC_OPTIMIZATION_LEVEL = 0;
				GCC_PREPROCESSOR_DEFINITIONS = (
					"DEBUG=1",
					"$(inherited)",
				);
				GCC_WARN_64_TO_32_BIT_CONVERSION = YES;
				GCC_WARN_ABOUT_RETURN_TYPE = YES_ERROR;
				GCC_WARN_UNDECLARED_SELECTOR = YES;
				GCC_WARN_UNINITIALIZED_AUTOS = YES_AGGRESSIVE;
				GCC_WARN_UNUSED_FUNCTION = YES;
				GCC_WARN_UNUSED_VARIABLE = YES;
				IPHONEOS_DEPLOYMENT_TARGET = 11.0;
				MTL_ENABLE_DEBUG_INFO = YES;
				ONLY_ACTIVE_ARCH = YES;
				SDKROOT = iphoneos;
				SWIFT_ACTIVE_COMPILATION_CONDITIONS = DEBUG;
				SWIFT_OPTIMIZATION_LEVEL = "-Onone";
			};
			name = Debug;
		};
		A6BF88E61F88802000F059C1 /* Release */ = {
			isa = XCBuildConfiguration;
			buildSettings = {
				ALWAYS_SEARCH_USER_PATHS = NO;
				CLANG_ANALYZER_NONNULL = YES;
				CLANG_ANALYZER_NUMBER_OBJECT_CONVERSION = YES_AGGRESSIVE;
				CLANG_CXX_LANGUAGE_STANDARD = "gnu++14";
				CLANG_CXX_LIBRARY = "libc++";
				CLANG_ENABLE_MODULES = YES;
				CLANG_ENABLE_OBJC_ARC = YES;
				CLANG_WARN_BLOCK_CAPTURE_AUTORELEASING = YES;
				CLANG_WARN_BOOL_CONVERSION = YES;
				CLANG_WARN_COMMA = YES;
				CLANG_WARN_CONSTANT_CONVERSION = YES;
				CLANG_WARN_DIRECT_OBJC_ISA_USAGE = YES_ERROR;
				CLANG_WARN_DOCUMENTATION_COMMENTS = YES;
				CLANG_WARN_EMPTY_BODY = YES;
				CLANG_WARN_ENUM_CONVERSION = YES;
				CLANG_WARN_INFINITE_RECURSION = YES;
				CLANG_WARN_INT_CONVERSION = YES;
				CLANG_WARN_NON_LITERAL_NULL_CONVERSION = YES;
				CLANG_WARN_OBJC_LITERAL_CONVERSION = YES;
				CLANG_WARN_OBJC_ROOT_CLASS = YES_ERROR;
				CLANG_WARN_RANGE_LOOP_ANALYSIS = YES;
				CLANG_WARN_STRICT_PROTOTYPES = YES;
				CLANG_WARN_SUSPICIOUS_MOVE = YES;
				CLANG_WARN_UNGUARDED_AVAILABILITY = YES_AGGRESSIVE;
				CLANG_WARN_UNREACHABLE_CODE = YES;
				CLANG_WARN__DUPLICATE_METHOD_MATCH = YES;
				CODE_SIGN_IDENTITY = "iPhone Developer";
				COPY_PHASE_STRIP = NO;
				DEBUG_INFORMATION_FORMAT = "dwarf-with-dsym";
				ENABLE_NS_ASSERTIONS = NO;
				ENABLE_STRICT_OBJC_MSGSEND = YES;
				GCC_C_LANGUAGE_STANDARD = gnu11;
				GCC_NO_COMMON_BLOCKS = YES;
				GCC_WARN_64_TO_32_BIT_CONVERSION = YES;
				GCC_WARN_ABOUT_RETURN_TYPE = YES_ERROR;
				GCC_WARN_UNDECLARED_SELECTOR = YES;
				GCC_WARN_UNINITIALIZED_AUTOS = YES_AGGRESSIVE;
				GCC_WARN_UNUSED_FUNCTION = YES;
				GCC_WARN_UNUSED_VARIABLE = YES;
				IPHONEOS_DEPLOYMENT_TARGET = 11.0;
				MTL_ENABLE_DEBUG_INFO = NO;
				SDKROOT = iphoneos;
				SWIFT_OPTIMIZATION_LEVEL = "-Owholemodule";
				VALIDATE_PRODUCT = YES;
			};
			name = Release;
		};
		A6BF88E81F88802000F059C1 /* Debug */ = {
			isa = XCBuildConfiguration;
			baseConfigurationReference = 6C346C6BD45D492106E4B314 /* Pods-Listen.Moe.debug.xcconfig */;
			buildSettings = {
				ASSETCATALOG_COMPILER_APPICON_NAME = AppIcon;
				CODE_SIGN_STYLE = Automatic;
				DEVELOPMENT_TEAM = 443ZEBM92X;
				INFOPLIST_FILE = Listen.Moe/Info.plist;
				LD_RUNPATH_SEARCH_PATHS = "$(inherited) @executable_path/Frameworks";
				PRODUCT_BUNDLE_IDENTIFIER = "Disre.Listen-Moe";
				PRODUCT_NAME = "$(TARGET_NAME)";
				SWIFT_VERSION = 4.0;
				TARGETED_DEVICE_FAMILY = "1,2";
			};
			name = Debug;
		};
		A6BF88E91F88802000F059C1 /* Release */ = {
			isa = XCBuildConfiguration;
			baseConfigurationReference = 6E3EAA2DAF0DB44172DABFBA /* Pods-Listen.Moe.release.xcconfig */;
			buildSettings = {
				ASSETCATALOG_COMPILER_APPICON_NAME = AppIcon;
				CODE_SIGN_STYLE = Automatic;
				DEVELOPMENT_TEAM = 443ZEBM92X;
				INFOPLIST_FILE = Listen.Moe/Info.plist;
				LD_RUNPATH_SEARCH_PATHS = "$(inherited) @executable_path/Frameworks";
				PRODUCT_BUNDLE_IDENTIFIER = "Disre.Listen-Moe";
				PRODUCT_NAME = "$(TARGET_NAME)";
				SWIFT_VERSION = 4.0;
				TARGETED_DEVICE_FAMILY = "1,2";
			};
			name = Release;
		};
/* End XCBuildConfiguration section */

/* Begin XCConfigurationList section */
		A6BF88CD1F88801F00F059C1 /* Build configuration list for PBXProject "Listen.Moe" */ = {
			isa = XCConfigurationList;
			buildConfigurations = (
				A6BF88E51F88802000F059C1 /* Debug */,
				A6BF88E61F88802000F059C1 /* Release */,
			);
			defaultConfigurationIsVisible = 0;
			defaultConfigurationName = Release;
		};
		A6BF88E71F88802000F059C1 /* Build configuration list for PBXNativeTarget "Listen.Moe" */ = {
			isa = XCConfigurationList;
			buildConfigurations = (
				A6BF88E81F88802000F059C1 /* Debug */,
				A6BF88E91F88802000F059C1 /* Release */,
			);
			defaultConfigurationIsVisible = 0;
			defaultConfigurationName = Release;
		};
/* End XCConfigurationList section */

/* Begin XCVersionGroup section */
		A6BF88DC1F88802000F059C1 /* Listen_Moe.xcdatamodeld */ = {
			isa = XCVersionGroup;
			children = (
				A6BF88DD1F88802000F059C1 /* Listen_Moe.xcdatamodel */,
			);
			currentVersion = A6BF88DD1F88802000F059C1 /* Listen_Moe.xcdatamodel */;
			path = Listen_Moe.xcdatamodeld;
			sourceTree = "<group>";
			versionGroupType = wrapper.xcdatamodel;
		};
/* End XCVersionGroup section */
	};
	rootObject = A6BF88CA1F88801F00F059C1 /* Project object */;
}
